
Microsoft Visual Studio Solution File, Format Version 12.00
# Visual Studio Version 16
VisualStudioVersion = 16.0.29503.13
MinimumVisualStudioVersion = 10.0.40219.1
Project("{9A19103F-16F7-4668-BE54-9A1E7A4F7556}") = "GMap.NET.Core", "GMap.NET\GMap.NET.Core\GMap.NET.Core.csproj", "{D0C39D9D-BED0-418B-9A5E-713176CAF40C}"
EndProject
Project("{9A19103F-16F7-4668-BE54-9A1E7A4F7556}") = "GMap.NET.WindowsForms", "GMap.NET\GMap.NET.WindowsForms\GMap.NET.WindowsForms.csproj", "{E06DEF77-F933-42FB-AFD7-DB2D0D8D6A98}"
EndProject
Project("{9A19103F-16F7-4668-BE54-9A1E7A4F7556}") = "GMap.NET.WindowsPresentation", "GMap.NET\GMap.NET.WindowsPresentation\GMap.NET.WindowsPresentation.csproj", "{644FE7D4-0184-400F-B2D7-99CB41360658}"
EndProject
Project("{2150E333-8FDC-42A3-9474-1A3956D46DE8}") = "GMap.NET", "GMap.NET", "{E797B22B-142C-4068-8F18-9E7E2C7B422C}"
EndProject
Project("{2150E333-8FDC-42A3-9474-1A3956D46DE8}") = "Demo", "Demo", "{7C6014F2-A785-4632-91AE-C5181F78C0FC}"
EndProject
Project("{9A19103F-16F7-4668-BE54-9A1E7A4F7556}") = "Demo.WindowsForms", "Demo\Demo.WindowsForms\Demo.WindowsForms.csproj", "{A2E07A76-8B2C-41A2-B23E-EA31AE94D706}"
EndProject
Project("{9A19103F-16F7-4668-BE54-9A1E7A4F7556}") = "Demo.WindowsPresentation", "Demo\Demo.WindowsPresentation\Demo.WindowsPresentation.csproj", "{83195AEF-0071-471C-9E8B-E67211F5D028}"
EndProject
Project("{2150E333-8FDC-42A3-9474-1A3956D46DE8}") = "Testing", "Testing", "{CEB4956F-6094-4268-972D-D46CF6792A84}"
EndProject
Project("{9A19103F-16F7-4668-BE54-9A1E7A4F7556}") = "BigMapMaker", "Testing\BigMapMaker\BigMapMaker.csproj", "{A6E9D42C-935B-44D0-9FB0-E2E0319627D1}"
EndProject
Project("{9A19103F-16F7-4668-BE54-9A1E7A4F7556}") = "BingWpfFusion", "Testing\BingWpfFusion\BingWpfFusion.csproj", "{5D39D68B-571F-4CB6-9909-AF58FD7B562F}"
EndProject
Project("{9A19103F-16F7-4668-BE54-9A1E7A4F7556}") = "ConsoleApplication", "Testing\ConsoleApplication\ConsoleApplication.csproj", "{448B761F-C033-447D-93D5-F4380A7DB0E2}"
EndProject
Project("{9A19103F-16F7-4668-BE54-9A1E7A4F7556}") = "Demo.Clouds", "Testing\Demo.Clouds\Demo.Clouds.csproj", "{097FA134-51A5-4801-AADD-A1914EAA32FF}"
EndProject
Project("{9A19103F-16F7-4668-BE54-9A1E7A4F7556}") = "Demo.Docking", "Testing\Demo.Docking\Demo.Docking.csproj", "{F729FF99-2991-4819-9855-7CD7A1199089}"
EndProject
Project("{9A19103F-16F7-4668-BE54-9A1E7A4F7556}") = "Demo.StreetView", "Testing\Demo.StreetView\Demo.StreetView.csproj", "{B6E411A2-DFD8-461E-8207-BDBA405264CA}"
EndProject
Project("{9A19103F-16F7-4668-BE54-9A1E7A4F7556}") = "MvcMapFusion", "Testing\MvcMapFusion\MvcMapFusion.csproj", "{D9756CE8-3C3B-46A6-916F-CB40E4E35978}"
EndProject
Project("{FAE04EC0-301F-11D3-BF4B-00C04F79EFBC}") = "SilverlightMapFusion.Web", "Testing\Silverlight\SilverlightMapFusion.Web\SilverlightMapFusion.Web.csproj", "{127D3FB1-5E4A-41F3-9B19-6FA67A3DDCA3}"
EndProject
Project("{9A19103F-16F7-4668-BE54-9A1E7A4F7556}") = "TemplatedBinding", "Testing\TemplatedBinding\TemplatedBinding.csproj", "{C7CD6A76-D941-493F-91F8-6222AB87BECA}"
EndProject
Project("{2150E333-8FDC-42A3-9474-1A3956D46DE8}") = "Tools", "Tools", "{541C463C-B018-4077-9E5E-D469F31F4351}"
EndProject
Project("{9A19103F-16F7-4668-BE54-9A1E7A4F7556}") = "MapCruncher", "Tools\MapCruncher\MapCruncher.csproj", "{052662DD-CAA7-4E24-98DE-16E51EFE0053}"
EndProject
Project("{2150E333-8FDC-42A3-9474-1A3956D46DE8}") = "Setup", "Setup", "{005E2FE0-18AD-4FD5-B630-FC5255128860}"
EndProject
Project("{9A19103F-16F7-4668-BE54-9A1E7A4F7556}") = "Demo.Geocoding", "Testing\Demo.Geocoding\Demo.Geocoding.csproj", "{8FA98332-3B32-4A5D-9850-888AD8EFC0BE}"
EndProject
Project("{2150E333-8FDC-42A3-9474-1A3956D46DE8}") = "Solution Items", "Solution Items", "{404D7A37-56D9-46B1-BACC-E57F3720A818}"
	ProjectSection(SolutionItems) = preProject
		.editorconfig = .editorconfig
		Directory.Build.props = Directory.Build.props
	EndProjectSection
EndProject
Project("{9A19103F-16F7-4668-BE54-9A1E7A4F7556}") = "GMap.NET.Windows", "Pack\GMap.NET.Windows.csproj", "{B7A1C574-4B5D-412D-8C4A-41E0E0A611BB}"
	ProjectSection(ProjectDependencies) = postProject
		{E06DEF77-F933-42FB-AFD7-DB2D0D8D6A98} = {E06DEF77-F933-42FB-AFD7-DB2D0D8D6A98}
		{D0C39D9D-BED0-418B-9A5E-713176CAF40C} = {D0C39D9D-BED0-418B-9A5E-713176CAF40C}
		{644FE7D4-0184-400F-B2D7-99CB41360658} = {644FE7D4-0184-400F-B2D7-99CB41360658}
	EndProjectSection
EndProject
Project("{FAE04EC0-301F-11D3-BF4B-00C04F79EFBC}") = "Demo.Testing", "Demo.Testing\Demo.Testing.csproj", "{CE9F0FDA-1271-4E69-9369-2634688E2FC0}"
EndProject
Global
	GlobalSection(SolutionConfigurationPlatforms) = preSolution
		Debug|Any CPU = Debug|Any CPU
		Release|Any CPU = Release|Any CPU
		v4.0-Debug|Any CPU = v4.0-Debug|Any CPU
		v4.0-Release|Any CPU = v4.0-Release|Any CPU
	EndGlobalSection
	GlobalSection(ProjectConfigurationPlatforms) = postSolution
		{D0C39D9D-BED0-418B-9A5E-713176CAF40C}.Debug|Any CPU.ActiveCfg = Debug|Any CPU
		{D0C39D9D-BED0-418B-9A5E-713176CAF40C}.Debug|Any CPU.Build.0 = Debug|Any CPU
		{D0C39D9D-BED0-418B-9A5E-713176CAF40C}.Release|Any CPU.ActiveCfg = Release|Any CPU
		{D0C39D9D-BED0-418B-9A5E-713176CAF40C}.Release|Any CPU.Build.0 = Release|Any CPU
		{D0C39D9D-BED0-418B-9A5E-713176CAF40C}.v4.0-Debug|Any CPU.ActiveCfg = Debug|Any CPU
		{D0C39D9D-BED0-418B-9A5E-713176CAF40C}.v4.0-Debug|Any CPU.Build.0 = Debug|Any CPU
		{D0C39D9D-BED0-418B-9A5E-713176CAF40C}.v4.0-Release|Any CPU.ActiveCfg = Release|Any CPU
		{D0C39D9D-BED0-418B-9A5E-713176CAF40C}.v4.0-Release|Any CPU.Build.0 = Release|Any CPU
		{E06DEF77-F933-42FB-AFD7-DB2D0D8D6A98}.Debug|Any CPU.ActiveCfg = Debug|Any CPU
		{E06DEF77-F933-42FB-AFD7-DB2D0D8D6A98}.Debug|Any CPU.Build.0 = Debug|Any CPU
		{E06DEF77-F933-42FB-AFD7-DB2D0D8D6A98}.Release|Any CPU.ActiveCfg = Release|Any CPU
		{E06DEF77-F933-42FB-AFD7-DB2D0D8D6A98}.Release|Any CPU.Build.0 = Release|Any CPU
		{E06DEF77-F933-42FB-AFD7-DB2D0D8D6A98}.v4.0-Debug|Any CPU.ActiveCfg = Debug|Any CPU
		{E06DEF77-F933-42FB-AFD7-DB2D0D8D6A98}.v4.0-Debug|Any CPU.Build.0 = Debug|Any CPU
		{E06DEF77-F933-42FB-AFD7-DB2D0D8D6A98}.v4.0-Release|Any CPU.ActiveCfg = Release|Any CPU
		{E06DEF77-F933-42FB-AFD7-DB2D0D8D6A98}.v4.0-Release|Any CPU.Build.0 = Release|Any CPU
		{644FE7D4-0184-400F-B2D7-99CB41360658}.Debug|Any CPU.ActiveCfg = Debug|Any CPU
		{644FE7D4-0184-400F-B2D7-99CB41360658}.Debug|Any CPU.Build.0 = Debug|Any CPU
		{644FE7D4-0184-400F-B2D7-99CB41360658}.Release|Any CPU.ActiveCfg = Release|Any CPU
		{644FE7D4-0184-400F-B2D7-99CB41360658}.Release|Any CPU.Build.0 = Release|Any CPU
		{644FE7D4-0184-400F-B2D7-99CB41360658}.v4.0-Debug|Any CPU.ActiveCfg = Debug|Any CPU
		{644FE7D4-0184-400F-B2D7-99CB41360658}.v4.0-Debug|Any CPU.Build.0 = Debug|Any CPU
		{644FE7D4-0184-400F-B2D7-99CB41360658}.v4.0-Release|Any CPU.ActiveCfg = Release|Any CPU
		{644FE7D4-0184-400F-B2D7-99CB41360658}.v4.0-Release|Any CPU.Build.0 = Release|Any CPU
		{A2E07A76-8B2C-41A2-B23E-EA31AE94D706}.Debug|Any CPU.ActiveCfg = Debug|Any CPU
		{A2E07A76-8B2C-41A2-B23E-EA31AE94D706}.Debug|Any CPU.Build.0 = Debug|Any CPU
		{A2E07A76-8B2C-41A2-B23E-EA31AE94D706}.Release|Any CPU.ActiveCfg = Release|Any CPU
		{A2E07A76-8B2C-41A2-B23E-EA31AE94D706}.Release|Any CPU.Build.0 = Release|Any CPU
		{A2E07A76-8B2C-41A2-B23E-EA31AE94D706}.v4.0-Debug|Any CPU.ActiveCfg = Debug|Any CPU
		{A2E07A76-8B2C-41A2-B23E-EA31AE94D706}.v4.0-Debug|Any CPU.Build.0 = Debug|Any CPU
		{A2E07A76-8B2C-41A2-B23E-EA31AE94D706}.v4.0-Release|Any CPU.ActiveCfg = Release|Any CPU
		{A2E07A76-8B2C-41A2-B23E-EA31AE94D706}.v4.0-Release|Any CPU.Build.0 = Release|Any CPU
		{83195AEF-0071-471C-9E8B-E67211F5D028}.Debug|Any CPU.ActiveCfg = Debug|Any CPU
		{83195AEF-0071-471C-9E8B-E67211F5D028}.Debug|Any CPU.Build.0 = Debug|Any CPU
		{83195AEF-0071-471C-9E8B-E67211F5D028}.Release|Any CPU.ActiveCfg = Release|Any CPU
		{83195AEF-0071-471C-9E8B-E67211F5D028}.Release|Any CPU.Build.0 = Release|Any CPU
		{83195AEF-0071-471C-9E8B-E67211F5D028}.v4.0-Debug|Any CPU.ActiveCfg = Debug|Any CPU
		{83195AEF-0071-471C-9E8B-E67211F5D028}.v4.0-Debug|Any CPU.Build.0 = Debug|Any CPU
		{83195AEF-0071-471C-9E8B-E67211F5D028}.v4.0-Release|Any CPU.ActiveCfg = Release|Any CPU
		{83195AEF-0071-471C-9E8B-E67211F5D028}.v4.0-Release|Any CPU.Build.0 = Release|Any CPU
		{A6E9D42C-935B-44D0-9FB0-E2E0319627D1}.Debug|Any CPU.ActiveCfg = Debug|Any CPU
		{A6E9D42C-935B-44D0-9FB0-E2E0319627D1}.Debug|Any CPU.Build.0 = Debug|Any CPU
		{A6E9D42C-935B-44D0-9FB0-E2E0319627D1}.Release|Any CPU.ActiveCfg = Release|Any CPU
		{A6E9D42C-935B-44D0-9FB0-E2E0319627D1}.Release|Any CPU.Build.0 = Release|Any CPU
		{A6E9D42C-935B-44D0-9FB0-E2E0319627D1}.v4.0-Debug|Any CPU.ActiveCfg = Debug|Any CPU
		{A6E9D42C-935B-44D0-9FB0-E2E0319627D1}.v4.0-Debug|Any CPU.Build.0 = Debug|Any CPU
		{A6E9D42C-935B-44D0-9FB0-E2E0319627D1}.v4.0-Release|Any CPU.ActiveCfg = Release|Any CPU
		{A6E9D42C-935B-44D0-9FB0-E2E0319627D1}.v4.0-Release|Any CPU.Build.0 = Release|Any CPU
		{5D39D68B-571F-4CB6-9909-AF58FD7B562F}.Debug|Any CPU.ActiveCfg = Debug|Any CPU
		{5D39D68B-571F-4CB6-9909-AF58FD7B562F}.Debug|Any CPU.Build.0 = Debug|Any CPU
		{5D39D68B-571F-4CB6-9909-AF58FD7B562F}.Release|Any CPU.ActiveCfg = Release|Any CPU
		{5D39D68B-571F-4CB6-9909-AF58FD7B562F}.Release|Any CPU.Build.0 = Release|Any CPU
		{5D39D68B-571F-4CB6-9909-AF58FD7B562F}.v4.0-Debug|Any CPU.ActiveCfg = Debug|Any CPU
		{5D39D68B-571F-4CB6-9909-AF58FD7B562F}.v4.0-Debug|Any CPU.Build.0 = Debug|Any CPU
		{5D39D68B-571F-4CB6-9909-AF58FD7B562F}.v4.0-Release|Any CPU.ActiveCfg = Release|Any CPU
		{5D39D68B-571F-4CB6-9909-AF58FD7B562F}.v4.0-Release|Any CPU.Build.0 = Release|Any CPU
		{448B761F-C033-447D-93D5-F4380A7DB0E2}.Debug|Any CPU.ActiveCfg = Debug|Any CPU
		{448B761F-C033-447D-93D5-F4380A7DB0E2}.Debug|Any CPU.Build.0 = Debug|Any CPU
		{448B761F-C033-447D-93D5-F4380A7DB0E2}.Release|Any CPU.ActiveCfg = Release|Any CPU
		{448B761F-C033-447D-93D5-F4380A7DB0E2}.v4.0-Debug|Any CPU.ActiveCfg = Debug|Any CPU
		{448B761F-C033-447D-93D5-F4380A7DB0E2}.v4.0-Debug|Any CPU.Build.0 = Debug|Any CPU
		{448B761F-C033-447D-93D5-F4380A7DB0E2}.v4.0-Release|Any CPU.ActiveCfg = Release|Any CPU
		{448B761F-C033-447D-93D5-F4380A7DB0E2}.v4.0-Release|Any CPU.Build.0 = Release|Any CPU
		{097FA134-51A5-4801-AADD-A1914EAA32FF}.Debug|Any CPU.ActiveCfg = Debug|Any CPU
		{097FA134-51A5-4801-AADD-A1914EAA32FF}.Debug|Any CPU.Build.0 = Debug|Any CPU
		{097FA134-51A5-4801-AADD-A1914EAA32FF}.Release|Any CPU.ActiveCfg = Release|Any CPU
		{097FA134-51A5-4801-AADD-A1914EAA32FF}.Release|Any CPU.Build.0 = Release|Any CPU
		{097FA134-51A5-4801-AADD-A1914EAA32FF}.v4.0-Debug|Any CPU.ActiveCfg = Debug|Any CPU
		{097FA134-51A5-4801-AADD-A1914EAA32FF}.v4.0-Debug|Any CPU.Build.0 = Debug|Any CPU
		{097FA134-51A5-4801-AADD-A1914EAA32FF}.v4.0-Release|Any CPU.ActiveCfg = Release|Any CPU
		{097FA134-51A5-4801-AADD-A1914EAA32FF}.v4.0-Release|Any CPU.Build.0 = Release|Any CPU
		{F729FF99-2991-4819-9855-7CD7A1199089}.Debug|Any CPU.ActiveCfg = Debug|Any CPU
		{F729FF99-2991-4819-9855-7CD7A1199089}.Debug|Any CPU.Build.0 = Debug|Any CPU
		{F729FF99-2991-4819-9855-7CD7A1199089}.Release|Any CPU.ActiveCfg = Release|Any CPU
		{F729FF99-2991-4819-9855-7CD7A1199089}.Release|Any CPU.Build.0 = Release|Any CPU
		{F729FF99-2991-4819-9855-7CD7A1199089}.v4.0-Debug|Any CPU.ActiveCfg = Debug|Any CPU
		{F729FF99-2991-4819-9855-7CD7A1199089}.v4.0-Debug|Any CPU.Build.0 = Debug|Any CPU
		{F729FF99-2991-4819-9855-7CD7A1199089}.v4.0-Release|Any CPU.ActiveCfg = Release|Any CPU
		{F729FF99-2991-4819-9855-7CD7A1199089}.v4.0-Release|Any CPU.Build.0 = Release|Any CPU
		{B6E411A2-DFD8-461E-8207-BDBA405264CA}.Debug|Any CPU.ActiveCfg = Debug|Any CPU
		{B6E411A2-DFD8-461E-8207-BDBA405264CA}.Debug|Any CPU.Build.0 = Debug|Any CPU
		{B6E411A2-DFD8-461E-8207-BDBA405264CA}.Release|Any CPU.ActiveCfg = Release|Any CPU
		{B6E411A2-DFD8-461E-8207-BDBA405264CA}.Release|Any CPU.Build.0 = Release|Any CPU
		{B6E411A2-DFD8-461E-8207-BDBA405264CA}.v4.0-Debug|Any CPU.ActiveCfg = Debug|Any CPU
		{B6E411A2-DFD8-461E-8207-BDBA405264CA}.v4.0-Debug|Any CPU.Build.0 = Debug|Any CPU
		{B6E411A2-DFD8-461E-8207-BDBA405264CA}.v4.0-Release|Any CPU.ActiveCfg = Release|Any CPU
		{B6E411A2-DFD8-461E-8207-BDBA405264CA}.v4.0-Release|Any CPU.Build.0 = Release|Any CPU
		{D9756CE8-3C3B-46A6-916F-CB40E4E35978}.Debug|Any CPU.ActiveCfg = Debug|Any CPU
		{D9756CE8-3C3B-46A6-916F-CB40E4E35978}.Debug|Any CPU.Build.0 = Debug|Any CPU
		{D9756CE8-3C3B-46A6-916F-CB40E4E35978}.Release|Any CPU.ActiveCfg = Release|Any CPU
		{D9756CE8-3C3B-46A6-916F-CB40E4E35978}.Release|Any CPU.Build.0 = Release|Any CPU
		{D9756CE8-3C3B-46A6-916F-CB40E4E35978}.v4.0-Debug|Any CPU.ActiveCfg = Debug|Any CPU
		{D9756CE8-3C3B-46A6-916F-CB40E4E35978}.v4.0-Debug|Any CPU.Build.0 = Debug|Any CPU
		{D9756CE8-3C3B-46A6-916F-CB40E4E35978}.v4.0-Release|Any CPU.ActiveCfg = Release|Any CPU
		{D9756CE8-3C3B-46A6-916F-CB40E4E35978}.v4.0-Release|Any CPU.Build.0 = Release|Any CPU
		{127D3FB1-5E4A-41F3-9B19-6FA67A3DDCA3}.Debug|Any CPU.ActiveCfg = Debug|Any CPU
		{127D3FB1-5E4A-41F3-9B19-6FA67A3DDCA3}.Debug|Any CPU.Build.0 = Debug|Any CPU
		{127D3FB1-5E4A-41F3-9B19-6FA67A3DDCA3}.Release|Any CPU.ActiveCfg = Release|Any CPU
		{127D3FB1-5E4A-41F3-9B19-6FA67A3DDCA3}.Release|Any CPU.Build.0 = Release|Any CPU
		{127D3FB1-5E4A-41F3-9B19-6FA67A3DDCA3}.v4.0-Debug|Any CPU.ActiveCfg = v4.0-Debug|Any CPU
		{127D3FB1-5E4A-41F3-9B19-6FA67A3DDCA3}.v4.0-Debug|Any CPU.Build.0 = v4.0-Debug|Any CPU
		{127D3FB1-5E4A-41F3-9B19-6FA67A3DDCA3}.v4.0-Release|Any CPU.ActiveCfg = v4.0-Release|Any CPU
		{127D3FB1-5E4A-41F3-9B19-6FA67A3DDCA3}.v4.0-Release|Any CPU.Build.0 = v4.0-Release|Any CPU
		{C7CD6A76-D941-493F-91F8-6222AB87BECA}.Debug|Any CPU.ActiveCfg = Debug|Any CPU
		{C7CD6A76-D941-493F-91F8-6222AB87BECA}.Debug|Any CPU.Build.0 = Debug|Any CPU
		{C7CD6A76-D941-493F-91F8-6222AB87BECA}.Release|Any CPU.ActiveCfg = Release|Any CPU
		{C7CD6A76-D941-493F-91F8-6222AB87BECA}.Release|Any CPU.Build.0 = Release|Any CPU
		{C7CD6A76-D941-493F-91F8-6222AB87BECA}.v4.0-Debug|Any CPU.ActiveCfg = Debug|Any CPU
		{C7CD6A76-D941-493F-91F8-6222AB87BECA}.v4.0-Debug|Any CPU.Build.0 = Debug|Any CPU
		{C7CD6A76-D941-493F-91F8-6222AB87BECA}.v4.0-Release|Any CPU.ActiveCfg = Release|Any CPU
		{C7CD6A76-D941-493F-91F8-6222AB87BECA}.v4.0-Release|Any CPU.Build.0 = Release|Any CPU
		{052662DD-CAA7-4E24-98DE-16E51EFE0053}.Debug|Any CPU.ActiveCfg = Debug|Any CPU
		{052662DD-CAA7-4E24-98DE-16E51EFE0053}.Debug|Any CPU.Build.0 = Debug|Any CPU
		{052662DD-CAA7-4E24-98DE-16E51EFE0053}.Release|Any CPU.ActiveCfg = Release|Any CPU
		{052662DD-CAA7-4E24-98DE-16E51EFE0053}.Release|Any CPU.Build.0 = Release|Any CPU
		{052662DD-CAA7-4E24-98DE-16E51EFE0053}.v4.0-Debug|Any CPU.ActiveCfg = Debug|Any CPU
		{052662DD-CAA7-4E24-98DE-16E51EFE0053}.v4.0-Debug|Any CPU.Build.0 = Debug|Any CPU
		{052662DD-CAA7-4E24-98DE-16E51EFE0053}.v4.0-Release|Any CPU.ActiveCfg = Release|Any CPU
		{052662DD-CAA7-4E24-98DE-16E51EFE0053}.v4.0-Release|Any CPU.Build.0 = Release|Any CPU
		{8FA98332-3B32-4A5D-9850-888AD8EFC0BE}.Debug|Any CPU.ActiveCfg = Debug|Any CPU
		{8FA98332-3B32-4A5D-9850-888AD8EFC0BE}.Debug|Any CPU.Build.0 = Debug|Any CPU
		{8FA98332-3B32-4A5D-9850-888AD8EFC0BE}.Release|Any CPU.ActiveCfg = Release|Any CPU
		{8FA98332-3B32-4A5D-9850-888AD8EFC0BE}.Release|Any CPU.Build.0 = Release|Any CPU
		{8FA98332-3B32-4A5D-9850-888AD8EFC0BE}.v4.0-Debug|Any CPU.ActiveCfg = Debug|Any CPU
		{8FA98332-3B32-4A5D-9850-888AD8EFC0BE}.v4.0-Debug|Any CPU.Build.0 = Debug|Any CPU
		{8FA98332-3B32-4A5D-9850-888AD8EFC0BE}.v4.0-Release|Any CPU.ActiveCfg = Release|Any CPU
		{8FA98332-3B32-4A5D-9850-888AD8EFC0BE}.v4.0-Release|Any CPU.Build.0 = Release|Any CPU
		{B7A1C574-4B5D-412D-8C4A-41E0E0A611BB}.Debug|Any CPU.ActiveCfg = Debug|Any CPU
		{B7A1C574-4B5D-412D-8C4A-41E0E0A611BB}.Release|Any CPU.ActiveCfg = Release|Any CPU
		{B7A1C574-4B5D-412D-8C4A-41E0E0A611BB}.v4.0-Debug|Any CPU.ActiveCfg = Debug|Any CPU
		{B7A1C574-4B5D-412D-8C4A-41E0E0A611BB}.v4.0-Release|Any CPU.ActiveCfg = Release|Any CPU
		{CE9F0FDA-1271-4E69-9369-2634688E2FC0}.Debug|Any CPU.ActiveCfg = Debug|Any CPU
		{CE9F0FDA-1271-4E69-9369-2634688E2FC0}.Debug|Any CPU.Build.0 = Debug|Any CPU
		{CE9F0FDA-1271-4E69-9369-2634688E2FC0}.Release|Any CPU.ActiveCfg = Release|Any CPU
		{CE9F0FDA-1271-4E69-9369-2634688E2FC0}.Release|Any CPU.Build.0 = Release|Any CPU
		{CE9F0FDA-1271-4E69-9369-2634688E2FC0}.v4.0-Debug|Any CPU.ActiveCfg = Debug|Any CPU
		{CE9F0FDA-1271-4E69-9369-2634688E2FC0}.v4.0-Debug|Any CPU.Build.0 = Debug|Any CPU
		{CE9F0FDA-1271-4E69-9369-2634688E2FC0}.v4.0-Release|Any CPU.ActiveCfg = Release|Any CPU
		{CE9F0FDA-1271-4E69-9369-2634688E2FC0}.v4.0-Release|Any CPU.Build.0 = Release|Any CPU
	EndGlobalSection
	GlobalSection(SolutionProperties) = preSolution
		HideSolutionNode = FALSE
	EndGlobalSection
	GlobalSection(NestedProjects) = preSolution
		{D0C39D9D-BED0-418B-9A5E-713176CAF40C} = {E797B22B-142C-4068-8F18-9E7E2C7B422C}
		{E06DEF77-F933-42FB-AFD7-DB2D0D8D6A98} = {E797B22B-142C-4068-8F18-9E7E2C7B422C}
		{644FE7D4-0184-400F-B2D7-99CB41360658} = {E797B22B-142C-4068-8F18-9E7E2C7B422C}
		{A2E07A76-8B2C-41A2-B23E-EA31AE94D706} = {7C6014F2-A785-4632-91AE-C5181F78C0FC}
		{83195AEF-0071-471C-9E8B-E67211F5D028} = {7C6014F2-A785-4632-91AE-C5181F78C0FC}
		{A6E9D42C-935B-44D0-9FB0-E2E0319627D1} = {CEB4956F-6094-4268-972D-D46CF6792A84}
		{5D39D68B-571F-4CB6-9909-AF58FD7B562F} = {CEB4956F-6094-4268-972D-D46CF6792A84}
		{448B761F-C033-447D-93D5-F4380A7DB0E2} = {CEB4956F-6094-4268-972D-D46CF6792A84}
		{097FA134-51A5-4801-AADD-A1914EAA32FF} = {CEB4956F-6094-4268-972D-D46CF6792A84}
		{F729FF99-2991-4819-9855-7CD7A1199089} = {CEB4956F-6094-4268-972D-D46CF6792A84}
		{B6E411A2-DFD8-461E-8207-BDBA405264CA} = {CEB4956F-6094-4268-972D-D46CF6792A84}
		{D9756CE8-3C3B-46A6-916F-CB40E4E35978} = {CEB4956F-6094-4268-972D-D46CF6792A84}
		{127D3FB1-5E4A-41F3-9B19-6FA67A3DDCA3} = {CEB4956F-6094-4268-972D-D46CF6792A84}
		{C7CD6A76-D941-493F-91F8-6222AB87BECA} = {CEB4956F-6094-4268-972D-D46CF6792A84}
		{052662DD-CAA7-4E24-98DE-16E51EFE0053} = {541C463C-B018-4077-9E5E-D469F31F4351}
		{8FA98332-3B32-4A5D-9850-888AD8EFC0BE} = {CEB4956F-6094-4268-972D-D46CF6792A84}
		{CE9F0FDA-1271-4E69-9369-2634688E2FC0} = {CEB4956F-6094-4268-972D-D46CF6792A84}
	EndGlobalSection
	GlobalSection(ExtensibilityGlobals) = postSolution
		SolutionGuid = {121217E7-9EA2-4663-8B5C-E6E1F37A5CA9}
	EndGlobalSection
EndGlobal
